
Microsoft Visual Studio Solution File, Format Version 12.00
# Visual Studio Version 16
VisualStudioVersion = 16.0.30011.22
MinimumVisualStudioVersion = 10.0.40219.1
Project("{FAE04EC0-301F-11D3-BF4B-00C04F79EFBC}") = "Course Scheduler", "Course Scheduler\Course Scheduler.csproj", "{4033F659-DE3C-4588-AE19-11CC2AF3993A}"
EndProject
Global
	GlobalSection(SolutionConfigurationPlatforms) = preSolution
		Debug|Any CPU = Debug|Any CPU
		Release|Any CPU = Release|Any CPU
	EndGlobalSection
	GlobalSection(ProjectConfigurationPlatforms) = postSolution
		{4033F659-DE3C-4588-AE19-11CC2AF3993A}.Debug|Any CPU.ActiveCfg = Debug|Any CPU
		{4033F659-DE3C-4588-AE19-11CC2AF3993A}.Debug|Any CPU.Build.0 = Debug|Any CPU
		{4033F659-DE3C-4588-AE19-11CC2AF3993A}.Release|Any CPU.ActiveCfg = Release|Any CPU
		{4033F659-DE3C-4588-AE19-11CC2AF3993A}.Release|Any CPU.Build.0 = Release|Any CPU
	EndGlobalSection
	GlobalSection(SolutionProperties) = preSolution
		HideSolutionNode = FALSE
	EndGlobalSection
	GlobalSection(ExtensibilityGlobals) = postSolution
		SolutionGuid = {24448720-FA76-422B-A5BA-D357DEAE68C5}
	EndGlobalSection
EndGlobal
